// !$*UTF8*$!
{
	archiveVersion = 1;
	classes = {
	};
	objectVersion = 55;
	objects = {

/* Begin PBXBuildFile section */
		B48F244528AE7C7900CA31CC /* AppDelegate.swift in Sources */ = {isa = PBXBuildFile; fileRef = B48F244428AE7C7900CA31CC /* AppDelegate.swift */; };
		B48F244728AE7C7900CA31CC /* SceneDelegate.swift in Sources */ = {isa = PBXBuildFile; fileRef = B48F244628AE7C7900CA31CC /* SceneDelegate.swift */; };
		B48F244928AE7C7900CA31CC /* ViewController.swift in Sources */ = {isa = PBXBuildFile; fileRef = B48F244828AE7C7900CA31CC /* ViewController.swift */; };
		B48F244C28AE7C7900CA31CC /* Main.storyboard in Resources */ = {isa = PBXBuildFile; fileRef = B48F244A28AE7C7900CA31CC /* Main.storyboard */; };
		B48F244E28AE7C7A00CA31CC /* Assets.xcassets in Resources */ = {isa = PBXBuildFile; fileRef = B48F244D28AE7C7A00CA31CC /* Assets.xcassets */; };
		B48F245128AE7C7A00CA31CC /* LaunchScreen.storyboard in Resources */ = {isa = PBXBuildFile; fileRef = B48F244F28AE7C7A00CA31CC /* LaunchScreen.storyboard */; };
		B48F246928AE7CDD00CA31CC /* bg_blue@2x.png in Resources */ = {isa = PBXBuildFile; fileRef = B48F245A28AE7CDD00CA31CC /* bg_blue@2x.png */; };
		B48F246A28AE7CDD00CA31CC /* bg_gold@2x.png in Resources */ = {isa = PBXBuildFile; fileRef = B48F245B28AE7CDD00CA31CC /* bg_gold@2x.png */; };
		B48F246B28AE7CDD00CA31CC /* gacha@2x.png in Resources */ = {isa = PBXBuildFile; fileRef = B48F245C28AE7CDD00CA31CC /* gacha@2x.png */; };
		B48F246C28AE7CDD00CA31CC /* bg_red@2x.png in Resources */ = {isa = PBXBuildFile; fileRef = B48F245D28AE7CDD00CA31CC /* bg_red@2x.png */; };
		B48F246D28AE7CDD00CA31CC /* monster005.png in Resources */ = {isa = PBXBuildFile; fileRef = B48F245F28AE7CDD00CA31CC /* monster005.png */; };
		B48F246E28AE7CDD00CA31CC /* monster010.png in Resources */ = {isa = PBXBuildFile; fileRef = B48F246028AE7CDD00CA31CC /* monster010.png */; };
		B48F246F28AE7CDD00CA31CC /* monster004.png in Resources */ = {isa = PBXBuildFile; fileRef = B48F246128AE7CDD00CA31CC /* monster004.png */; };
		B48F247028AE7CDD00CA31CC /* monster006.png in Resources */ = {isa = PBXBuildFile; fileRef = B48F246228AE7CDD00CA31CC /* monster006.png */; };
		B48F247128AE7CDD00CA31CC /* monster007.png in Resources */ = {isa = PBXBuildFile; fileRef = B48F246328AE7CDD00CA31CC /* monster007.png */; };
		B48F247228AE7CDD00CA31CC /* monster003.png in Resources */ = {isa = PBXBuildFile; fileRef = B48F246428AE7CDD00CA31CC /* monster003.png */; };
		B48F247328AE7CDD00CA31CC /* monster002.png in Resources */ = {isa = PBXBuildFile; fileRef = B48F246528AE7CDD00CA31CC /* monster002.png */; };
		B48F247428AE7CDD00CA31CC /* monster001.png in Resources */ = {isa = PBXBuildFile; fileRef = B48F246628AE7CDD00CA31CC /* monster001.png */; };
		B48F247528AE7CDD00CA31CC /* monster009.png in Resources */ = {isa = PBXBuildFile; fileRef = B48F246728AE7CDD00CA31CC /* monster009.png */; };
		B48F247628AE7CDD00CA31CC /* monster008.png in Resources */ = {isa = PBXBuildFile; fileRef = B48F246828AE7CDD00CA31CC /* monster008.png */; };
		B48F247828AE7F0F00CA31CC /* ResultViewController.swift in Sources */ = {isa = PBXBuildFile; fileRef = B48F247728AE7F0F00CA31CC /* ResultViewController.swift */; };
/* End PBXBuildFile section */

/* Begin PBXFileReference section */
		B48F244128AE7C7900CA31CC /* Gacha.app */ = {isa = PBXFileReference; explicitFileType = wrapper.application; includeInIndex = 0; path = Gacha.app; sourceTree = BUILT_PRODUCTS_DIR; };
		B48F244428AE7C7900CA31CC /* AppDelegate.swift */ = {isa = PBXFileReference; lastKnownFileType = sourcecode.swift; path = AppDelegate.swift; sourceTree = "<group>"; };
		B48F244628AE7C7900CA31CC /* SceneDelegate.swift */ = {isa = PBXFileReference; lastKnownFileType = sourcecode.swift; path = SceneDelegate.swift; sourceTree = "<group>"; };
		B48F244828AE7C7900CA31CC /* ViewController.swift */ = {isa = PBXFileReference; lastKnownFileType = sourcecode.swift; path = ViewController.swift; sourceTree = "<group>"; };
		B48F244B28AE7C7900CA31CC /* Base */ = {isa = PBXFileReference; lastKnownFileType = file.storyboard; name = Base; path = Base.lproj/Main.storyboard; sourceTree = "<group>"; };
		B48F244D28AE7C7A00CA31CC /* Assets.xcassets */ = {isa = PBXFileReference; lastKnownFileType = folder.assetcatalog; path = Assets.xcassets; sourceTree = "<group>"; };
		B48F245028AE7C7A00CA31CC /* Base */ = {isa = PBXFileReference; lastKnownFileType = file.storyboard; name = Base; path = Base.lproj/LaunchScreen.storyboard; sourceTree = "<group>"; };
		B48F245228AE7C7A00CA31CC /* Info.plist */ = {isa = PBXFileReference; lastKnownFileType = text.plist.xml; path = Info.plist; sourceTree = "<group>"; };
		B48F245A28AE7CDD00CA31CC /* bg_blue@2x.png */ = {isa = PBXFileReference; lastKnownFileType = image.png; path = "bg_blue@2x.png"; sourceTree = "<group>"; };
		B48F245B28AE7CDD00CA31CC /* bg_gold@2x.png */ = {isa = PBXFileReference; lastKnownFileType = image.png; path = "bg_gold@2x.png"; sourceTree = "<group>"; };
		B48F245C28AE7CDD00CA31CC /* gacha@2x.png */ = {isa = PBXFileReference; lastKnownFileType = image.png; path = "gacha@2x.png"; sourceTree = "<group>"; };
		B48F245D28AE7CDD00CA31CC /* bg_red@2x.png */ = {isa = PBXFileReference; lastKnownFileType = image.png; path = "bg_red@2x.png"; sourceTree = "<group>"; };
		B48F245F28AE7CDD00CA31CC /* monster005.png */ = {isa = PBXFileReference; lastKnownFileType = image.png; path = monster005.png; sourceTree = "<group>"; };
		B48F246028AE7CDD00CA31CC /* monster010.png */ = {isa = PBXFileReference; lastKnownFileType = image.png; path = monster010.png; sourceTree = "<group>"; };
		B48F246128AE7CDD00CA31CC /* monster004.png */ = {isa = PBXFileReference; lastKnownFileType = image.png; path = monster004.png; sourceTree = "<group>"; };
		B48F246228AE7CDD00CA31CC /* monster006.png */ = {isa = PBXFileReference; lastKnownFileType = image.png; path = monster006.png; sourceTree = "<group>"; };
		B48F246328AE7CDD00CA31CC /* monster007.png */ = {isa = PBXFileReference; lastKnownFileType = image.png; path = monster007.png; sourceTree = "<group>"; };
		B48F246428AE7CDD00CA31CC /* monster003.png */ = {isa = PBXFileReference; lastKnownFileType = image.png; path = monster003.png; sourceTree = "<group>"; };
		B48F246528AE7CDD00CA31CC /* monster002.png */ = {isa = PBXFileReference; lastKnownFileType = image.png; path = monster002.png; sourceTree = "<group>"; };
		B48F246628AE7CDD00CA31CC /* monster001.png */ = {isa = PBXFileReference; lastKnownFileType = image.png; path = monster001.png; sourceTree = "<group>"; };
		B48F246728AE7CDD00CA31CC /* monster009.png */ = {isa = PBXFileReference; lastKnownFileType = image.png; path = monster009.png; sourceTree = "<group>"; };
		B48F246828AE7CDD00CA31CC /* monster008.png */ = {isa = PBXFileReference; lastKnownFileType = image.png; path = monster008.png; sourceTree = "<group>"; };
		B48F247728AE7F0F00CA31CC /* ResultViewController.swift */ = {isa = PBXFileReference; lastKnownFileType = sourcecode.swift; path = ResultViewController.swift; sourceTree = "<group>"; };
/* End PBXFileReference section */

/* Begin PBXFrameworksBuildPhase section */
		B48F243E28AE7C7900CA31CC /* Frameworks */ = {
			isa = PBXFrameworksBuildPhase;
			buildActionMask = 2147483647;
			files = (
			);
			runOnlyForDeploymentPostprocessing = 0;
		};
/* End PBXFrameworksBuildPhase section */

/* Begin PBXGroup section */
		B48F243828AE7C7900CA31CC = {
			isa = PBXGroup;
			children = (
				B48F244328AE7C7900CA31CC /* Gacha */,
				B48F244228AE7C7900CA31CC /* Products */,
			);
			sourceTree = "<group>";
		};
		B48F244228AE7C7900CA31CC /* Products */ = {
			isa = PBXGroup;
			children = (
				B48F244128AE7C7900CA31CC /* Gacha.app */,
			);
			name = Products;
			sourceTree = "<group>";
		};
		B48F244328AE7C7900CA31CC /* Gacha */ = {
			isa = PBXGroup;
			children = (
				B48F244428AE7C7900CA31CC /* AppDelegate.swift */,
				B48F244628AE7C7900CA31CC /* SceneDelegate.swift */,
				B48F244828AE7C7900CA31CC /* ViewController.swift */,
				B48F244A28AE7C7900CA31CC /* Main.storyboard */,
				B48F244D28AE7C7A00CA31CC /* Assets.xcassets */,
				B48F244F28AE7C7A00CA31CC /* LaunchScreen.storyboard */,
				B48F245228AE7C7A00CA31CC /* Info.plist */,
				B48F245828AE7CDD00CA31CC /* GachaResources */,
				B48F247728AE7F0F00CA31CC /* ResultViewController.swift */,
			);
			path = Gacha;
			sourceTree = "<group>";
		};
		B48F245828AE7CDD00CA31CC /* GachaResources */ = {
			isa = PBXGroup;
			children = (
				B48F245928AE7CDD00CA31CC /* background */,
				B48F245E28AE7CDD00CA31CC /* monster */,
			);
			path = GachaResources;
			sourceTree = "<group>";
		};
		B48F245928AE7CDD00CA31CC /* background */ = {
			isa = PBXGroup;
			children = (
				B48F245A28AE7CDD00CA31CC /* bg_blue@2x.png */,
				B48F245B28AE7CDD00CA31CC /* bg_gold@2x.png */,
				B48F245C28AE7CDD00CA31CC /* gacha@2x.png */,
				B48F245D28AE7CDD00CA31CC /* bg_red@2x.png */,
			);
			path = background;
			sourceTree = "<group>";
		};
		B48F245E28AE7CDD00CA31CC /* monster */ = {
			isa = PBXGroup;
			children = (
				B48F245F28AE7CDD00CA31CC /* monster005.png */,
				B48F246028AE7CDD00CA31CC /* monster010.png */,
				B48F246128AE7CDD00CA31CC /* monster004.png */,
				B48F246228AE7CDD00CA31CC /* monster006.png */,
				B48F246328AE7CDD00CA31CC /* monster007.png */,
				B48F246428AE7CDD00CA31CC /* monster003.png */,
				B48F246528AE7CDD00CA31CC /* monster002.png */,
				B48F246628AE7CDD00CA31CC /* monster001.png */,
				B48F246728AE7CDD00CA31CC /* monster009.png */,
				B48F246828AE7CDD00CA31CC /* monster008.png */,
			);
			path = monster;
			sourceTree = "<group>";
		};
/* End PBXGroup section */

/* Begin PBXNativeTarget section */
		B48F244028AE7C7900CA31CC /* Gacha */ = {
			isa = PBXNativeTarget;
			buildConfigurationList = B48F245528AE7C7A00CA31CC /* Build configuration list for PBXNativeTarget "Gacha" */;
			buildPhases = (
				B48F243D28AE7C7900CA31CC /* Sources */,
				B48F243E28AE7C7900CA31CC /* Frameworks */,
				B48F243F28AE7C7900CA31CC /* Resources */,
			);
			buildRules = (
			);
			dependencies = (
			);
			name = Gacha;
			productName = Gacha;
			productReference = B48F244128AE7C7900CA31CC /* Gacha.app */;
			productType = "com.apple.product-type.application";
		};
/* End PBXNativeTarget section */

/* Begin PBXProject section */
		B48F243928AE7C7900CA31CC /* Project object */ = {
			isa = PBXProject;
			attributes = {
				BuildIndependentTargetsInParallel = 1;
				LastSwiftUpdateCheck = 1340;
				LastUpgradeCheck = 1340;
				TargetAttributes = {
					B48F244028AE7C7900CA31CC = {
						CreatedOnToolsVersion = 13.4.1;
					};
				};
			};
			buildConfigurationList = B48F243C28AE7C7900CA31CC /* Build configuration list for PBXProject "Gacha" */;
			compatibilityVersion = "Xcode 13.0";
			developmentRegion = en;
			hasScannedForEncodings = 0;
			knownRegions = (
				en,
				Base,
			);
			mainGroup = B48F243828AE7C7900CA31CC;
			productRefGroup = B48F244228AE7C7900CA31CC /* Products */;
			projectDirPath = "";
			projectRoot = "";
			targets = (
				B48F244028AE7C7900CA31CC /* Gacha */,
			);
		};
/* End PBXProject section */

/* Begin PBXResourcesBuildPhase section */
		B48F243F28AE7C7900CA31CC /* Resources */ = {
			isa = PBXResourcesBuildPhase;
			buildActionMask = 2147483647;
			files = (
				B48F246C28AE7CDD00CA31CC /* bg_red@2x.png in Resources */,
				B48F245128AE7C7A00CA31CC /* LaunchScreen.storyboard in Resources */,
				B48F247528AE7CDD00CA31CC /* monster009.png in Resources */,
				B48F246A28AE7CDD00CA31CC /* bg_gold@2x.png in Resources */,
				B48F247228AE7CDD00CA31CC /* monster003.png in Resources */,
				B48F247428AE7CDD00CA31CC /* monster001.png in Resources */,
				B48F247628AE7CDD00CA31CC /* monster008.png in Resources */,
				B48F244E28AE7C7A00CA31CC /* Assets.xcassets in Resources */,
				B48F247128AE7CDD00CA31CC /* monster007.png in Resources */,
				B48F246B28AE7CDD00CA31CC /* gacha@2x.png in Resources */,
				B48F247328AE7CDD00CA31CC /* monster002.png in Resources */,
				B48F244C28AE7C7900CA31CC /* Main.storyboard in Resources */,
				B48F246E28AE7CDD00CA31CC /* monster010.png in Resources */,
				B48F247028AE7CDD00CA31CC /* monster006.png in Resources */,
				B48F246D28AE7CDD00CA31CC /* monster005.png in Resources */,
				B48F246928AE7CDD00CA31CC /* bg_blue@2x.png in Resources */,
				B48F246F28AE7CDD00CA31CC /* monster004.png in Resources */,
			);
			runOnlyForDeploymentPostprocessing = 0;
		};
/* End PBXResourcesBuildPhase section */

/* Begin PBXSourcesBuildPhase section */
		B48F243D28AE7C7900CA31CC /* Sources */ = {
			isa = PBXSourcesBuildPhase;
			buildActionMask = 2147483647;
			files = (
				B48F244928AE7C7900CA31CC /* ViewController.swift in Sources */,
				B48F244528AE7C7900CA31CC /* AppDelegate.swift in Sources */,
				B48F244728AE7C7900CA31CC /* SceneDelegate.swift in Sources */,
				B48F247828AE7F0F00CA31CC /* ResultViewController.swift in Sources */,
			);
			runOnlyForDeploymentPostprocessing = 0;
		};
/* End PBXSourcesBuildPhase section */

/* Begin PBXVariantGroup section */
		B48F244A28AE7C7900CA31CC /* Main.storyboard */ = {
			isa = PBXVariantGroup;
			children = (
				B48F244B28AE7C7900CA31CC /* Base */,
			);
			name = Main.storyboard;
			sourceTree = "<group>";
		};
		B48F244F28AE7C7A00CA31CC /* LaunchScreen.storyboard */ = {
			isa = PBXVariantGroup;
			children = (
				B48F245028AE7C7A00CA31CC /* Base */,
			);
			name = LaunchScreen.storyboard;
			sourceTree = "<group>";
		};
/* End PBXVariantGroup section */

/* Begin XCBuildConfiguration section */
		B48F245328AE7C7A00CA31CC /* Debug */ = {
			isa = XCBuildConfiguration;
			buildSettings = {
				ALWAYS_SEARCH_USER_PATHS = NO;
				CLANG_ANALYZER_NONNULL = YES;
				CLANG_ANALYZER_NUMBER_OBJECT_CONVERSION = YES_AGGRESSIVE;
				CLANG_CXX_LANGUAGE_STANDARD = "gnu++17";
				CLANG_ENABLE_MODULES = YES;
				CLANG_ENABLE_OBJC_ARC = YES;
				CLANG_ENABLE_OBJC_WEAK = YES;
				CLANG_WARN_BLOCK_CAPTURE_AUTORELEASING = YES;
				CLANG_WARN_BOOL_CONVERSION = YES;
				CLANG_WARN_COMMA = YES;
				CLANG_WARN_CONSTANT_CONVERSION = YES;
				CLANG_WARN_DEPRECATED_OBJC_IMPLEMENTATIONS = YES;
				CLANG_WARN_DIRECT_OBJC_ISA_USAGE = YES_ERROR;
				CLANG_WARN_DOCUMENTATION_COMMENTS = YES;
				CLANG_WARN_EMPTY_BODY = YES;
				CLANG_WARN_ENUM_CONVERSION = YES;
				CLANG_WARN_INFINITE_RECURSION = YES;
				CLANG_WARN_INT_CONVERSION = YES;
				CLANG_WARN_NON_LITERAL_NULL_CONVERSION = YES;
				CLANG_WARN_OBJC_IMPLICIT_RETAIN_SELF = YES;
				CLANG_WARN_OBJC_LITERAL_CONVERSION = YES;
				CLANG_WARN_OBJC_ROOT_CLASS = YES_ERROR;
				CLANG_WARN_QUOTED_INCLUDE_IN_FRAMEWORK_HEADER = YES;
				CLANG_WARN_RANGE_LOOP_ANALYSIS = YES;
				CLANG_WARN_STRICT_PROTOTYPES = YES;
				CLANG_WARN_SUSPICIOUS_MOVE = YES;
				CLANG_WARN_UNGUARDED_AVAILABILITY = YES_AGGRESSIVE;
				CLANG_WARN_UNREACHABLE_CODE = YES;
				CLANG_WARN__DUPLICATE_METHOD_MATCH = YES;
				COPY_PHASE_STRIP = NO;
				DEBUG_INFORMATION_FORMAT = dwarf;
				ENABLE_STRICT_OBJC_MSGSEND = YES;
				ENABLE_TESTABILITY = YES;
				GCC_C_LANGUAGE_STANDARD = gnu11;
				GCC_DYNAMIC_NO_PIC = NO;
				GCC_NO_COMMON_BLOCKS = YES;
				GCC_OPTIMIZATION_LEVEL = 0;
				GCC_PREPROCESSOR_DEFINITIONS = (
					"DEBUG=1",
					"$(inherited)",
				);
				GCC_WARN_64_TO_32_BIT_CONVERSION = YES;
				GCC_WARN_ABOUT_RETURN_TYPE = YES_ERROR;
				GCC_WARN_UNDECLARED_SELECTOR = YES;
				GCC_WARN_UNINITIALIZED_AUTOS = YES_AGGRESSIVE;
				GCC_WARN_UNUSED_FUNCTION = YES;
				GCC_WARN_UNUSED_VARIABLE = YES;
				IPHONEOS_DEPLOYMENT_TARGET = 15.5;
				MTL_ENABLE_DEBUG_INFO = INCLUDE_SOURCE;
				MTL_FAST_MATH = YES;
				ONLY_ACTIVE_ARCH = YES;
				SDKROOT = iphoneos;
				SWIFT_ACTIVE_COMPILATION_CONDITIONS = DEBUG;
				SWIFT_OPTIMIZATION_LEVEL = "-Onone";
			};
			name = Debug;
		};
		B48F245428AE7C7A00CA31CC /* Release */ = {
			isa = XCBuildConfiguration;
			buildSettings = {
				ALWAYS_SEARCH_USER_PATHS = NO;
				CLANG_ANALYZER_NONNULL = YES;
				CLANG_ANALYZER_NUMBER_OBJECT_CONVERSION = YES_AGGRESSIVE;
				CLANG_CXX_LANGUAGE_STANDARD = "gnu++17";
				CLANG_ENABLE_MODULES = YES;
				CLANG_ENABLE_OBJC_ARC = YES;
				CLANG_ENABLE_OBJC_WEAK = YES;
				CLANG_WARN_BLOCK_CAPTURE_AUTORELEASING = YES;
				CLANG_WARN_BOOL_CONVERSION = YES;
				CLANG_WARN_COMMA = YES;
				CLANG_WARN_CONSTANT_CONVERSION = YES;
				CLANG_WARN_DEPRECATED_OBJC_IMPLEMENTATIONS = YES;
				CLANG_WARN_DIRECT_OBJC_ISA_USAGE = YES_ERROR;
				CLANG_WARN_DOCUMENTATION_COMMENTS = YES;
				CLANG_WARN_EMPTY_BODY = YES;
				CLANG_WARN_ENUM_CONVERSION = YES;
				CLANG_WARN_INFINITE_RECURSION = YES;
				CLANG_WARN_INT_CONVERSION = YES;
				CLANG_WARN_NON_LITERAL_NULL_CONVERSION = YES;
				CLANG_WARN_OBJC_IMPLICIT_RETAIN_SELF = YES;
				CLANG_WARN_OBJC_LITERAL_CONVERSION = YES;
				CLANG_WARN_OBJC_ROOT_CLASS = YES_ERROR;
				CLANG_WARN_QUOTED_INCLUDE_IN_FRAMEWORK_HEADER = YES;
				CLANG_WARN_RANGE_LOOP_ANALYSIS = YES;
				CLANG_WARN_STRICT_PROTOTYPES = YES;
				CLANG_WARN_SUSPICIOUS_MOVE = YES;
				CLANG_WARN_UNGUARDED_AVAILABILITY = YES_AGGRESSIVE;
				CLANG_WARN_UNREACHABLE_CODE = YES;
				CLANG_WARN__DUPLICATE_METHOD_MATCH = YES;
				COPY_PHASE_STRIP = NO;
				DEBUG_INFORMATION_FORMAT = "dwarf-with-dsym";
				ENABLE_NS_ASSERTIONS = NO;
				ENABLE_STRICT_OBJC_MSGSEND = YES;
				GCC_C_LANGUAGE_STANDARD = gnu11;
				GCC_NO_COMMON_BLOCKS = YES;
				GCC_WARN_64_TO_32_BIT_CONVERSION = YES;
				GCC_WARN_ABOUT_RETURN_TYPE = YES_ERROR;
				GCC_WARN_UNDECLARED_SELECTOR = YES;
				GCC_WARN_UNINITIALIZED_AUTOS = YES_AGGRESSIVE;
				GCC_WARN_UNUSED_FUNCTION = YES;
				GCC_WARN_UNUSED_VARIABLE = YES;
				IPHONEOS_DEPLOYMENT_TARGET = 15.5;
				MTL_ENABLE_DEBUG_INFO = NO;
				MTL_FAST_MATH = YES;
				SDKROOT = iphoneos;
				SWIFT_COMPILATION_MODE = wholemodule;
				SWIFT_OPTIMIZATION_LEVEL = "-O";
				VALIDATE_PRODUCT = YES;
			};
			name = Release;
		};
		B48F245628AE7C7A00CA31CC /* Debug */ = {
			isa = XCBuildConfiguration;
			buildSettings = {
				ASSETCATALOG_COMPILER_APPICON_NAME = AppIcon;
				ASSETCATALOG_COMPILER_GLOBAL_ACCENT_COLOR_NAME = AccentColor;
				CODE_SIGN_STYLE = Automatic;
				CURRENT_PROJECT_VERSION = 1;
				DEVELOPMENT_TEAM = D4U5M63U27;
				GENERATE_INFOPLIST_FILE = YES;
				INFOPLIST_FILE = Gacha/Info.plist;
				INFOPLIST_KEY_UIApplicationSupportsIndirectInputEvents = YES;
				INFOPLIST_KEY_UILaunchStoryboardName = LaunchScreen;
				INFOPLIST_KEY_UIMainStoryboardFile = Main;
				INFOPLIST_KEY_UISupportedInterfaceOrientations_iPad = "UIInterfaceOrientationPortrait UIInterfaceOrientationPortraitUpsideDown UIInterfaceOrientationLandscapeLeft UIInterfaceOrientationLandscapeRight";
				INFOPLIST_KEY_UISupportedInterfaceOrientations_iPhone = "UIInterfaceOrientationPortrait UIInterfaceOrientationLandscapeLeft UIInterfaceOrientationLandscapeRight";
				LD_RUNPATH_SEARCH_PATHS = (
					"$(inherited)",
					"@executable_path/Frameworks",
				);
				MARKETING_VERSION = 1.0;
				PRODUCT_BUNDLE_IDENTIFIER = "app.yamao-pinhu.Gacha";
				PRODUCT_NAME = "$(TARGET_NAME)";
				SWIFT_EMIT_LOC_STRINGS = YES;
				SWIFT_VERSION = 5.0;
				TARGETED_DEVICE_FAMILY = "1,2";
			};
			name = Debug;
		};
		B48F245728AE7C7A00CA31CC /* Release */ = {
			isa = XCBuildConfiguration;
			buildSettings = {
				ASSETCATALOG_COMPILER_APPICON_NAME = AppIcon;
				ASSETCATALOG_COMPILER_GLOBAL_ACCENT_COLOR_NAME = AccentColor;
				CODE_SIGN_STYLE = Automatic;
				CURRENT_PROJECT_VERSION = 1;
				DEVELOPMENT_TEAM = D4U5M63U27;
				GENERATE_INFOPLIST_FILE = YES;
				INFOPLIST_FILE = Gacha/Info.plist;
				INFOPLIST_KEY_UIApplicationSupportsIndirectInputEvents = YES;
				INFOPLIST_KEY_UILaunchStoryboardName = LaunchScreen;
				INFOPLIST_KEY_UIMainStoryboardFile = Main;
				INFOPLIST_KEY_UISupportedInterfaceOrientations_iPad = "UIInterfaceOrientationPortrait UIInterfaceOrientationPortraitUpsideDown UIInterfaceOrientationLandscapeLeft UIInterfaceOrientationLandscapeRight";
				INFOPLIST_KEY_UISupportedInterfaceOrientations_iPhone = "UIInterfaceOrientationPortrait UIInterfaceOrientationLandscapeLeft UIInterfaceOrientationLandscapeRight";
				LD_RUNPATH_SEARCH_PATHS = (
					"$(inherited)",
					"@executable_path/Frameworks",
				);
				MARKETING_VERSION = 1.0;
				PRODUCT_BUNDLE_IDENTIFIER = "app.yamao-pinhu.Gacha";
				PRODUCT_NAME = "$(TARGET_NAME)";
				SWIFT_EMIT_LOC_STRINGS = YES;
				SWIFT_VERSION = 5.0;
				TARGETED_DEVICE_FAMILY = "1,2";
			};
			name = Release;
		};
/* End XCBuildConfiguration section */

/* Begin XCConfigurationList section */
		B48F243C28AE7C7900CA31CC /* Build configuration list for PBXProject "Gacha" */ = {
			isa = XCConfigurationList;
			buildConfigurations = (
				B48F245328AE7C7A00CA31CC /* Debug */,
				B48F245428AE7C7A00CA31CC /* Release */,
			);
			defaultConfigurationIsVisible = 0;
			defaultConfigurationName = Release;
		};
		B48F245528AE7C7A00CA31CC /* Build configuration list for PBXNativeTarget "Gacha" */ = {
			isa = XCConfigurationList;
			buildConfigurations = (
				B48F245628AE7C7A00CA31CC /* Debug */,
				B48F245728AE7C7A00CA31CC /* Release */,
			);
			defaultConfigurationIsVisible = 0;
			defaultConfigurationName = Release;
		};
/* End XCConfigurationList section */
	};
	rootObject = B48F243928AE7C7900CA31CC /* Project object */;
}
